
Microsoft Visual Studio Solution File, Format Version 12.00
# Visual Studio Version 17
VisualStudioVersion = 17.10.34928.147
MinimumVisualStudioVersion = 10.0.40219.1
Project("{9A19103F-16F7-4668-BE54-9A1E7A4F7556}") = "Login-Screen", "Login-Screen\Login-Screen.csproj", "{9A3E9D91-51DF-4AEF-A934-DDC59F5F5345}"
EndProject
Project("{FAE04EC0-301F-11D3-BF4B-00C04F79EFBC}") = "Address-Booking-Application", "Address-Booking-Application\Address-Booking-Application.csproj", "{3738A320-E23E-45D3-A14D-A3EB669871CB}"
EndProject
Project("{FAE04EC0-301F-11D3-BF4B-00C04F79EFBC}") = "Drawing", "Drawing\Drawing.csproj", "{12CFBBD3-A5A5-4CBE-8342-F094EB59E83F}"
EndProject
Global
	GlobalSection(SolutionConfigurationPlatforms) = preSolution
		Debug|Any CPU = Debug|Any CPU
		Release|Any CPU = Release|Any CPU
	EndGlobalSection
	GlobalSection(ProjectConfigurationPlatforms) = postSolution
		{9A3E9D91-51DF-4AEF-A934-DDC59F5F5345}.Debug|Any CPU.ActiveCfg = Debug|Any CPU
		{9A3E9D91-51DF-4AEF-A934-DDC59F5F5345}.Debug|Any CPU.Build.0 = Debug|Any CPU
		{9A3E9D91-51DF-4AEF-A934-DDC59F5F5345}.Release|Any CPU.ActiveCfg = Release|Any CPU
		{9A3E9D91-51DF-4AEF-A934-DDC59F5F5345}.Release|Any CPU.Build.0 = Release|Any CPU
		{3738A320-E23E-45D3-A14D-A3EB669871CB}.Debug|Any CPU.ActiveCfg = Debug|Any CPU
		{3738A320-E23E-45D3-A14D-A3EB669871CB}.Debug|Any CPU.Build.0 = Debug|Any CPU
		{3738A320-E23E-45D3-A14D-A3EB669871CB}.Release|Any CPU.ActiveCfg = Release|Any CPU
		{3738A320-E23E-45D3-A14D-A3EB669871CB}.Release|Any CPU.Build.0 = Release|Any CPU
		{12CFBBD3-A5A5-4CBE-8342-F094EB59E83F}.Debug|Any CPU.ActiveCfg = Debug|Any CPU
		{12CFBBD3-A5A5-4CBE-8342-F094EB59E83F}.Debug|Any CPU.Build.0 = Debug|Any CPU
		{12CFBBD3-A5A5-4CBE-8342-F094EB59E83F}.Release|Any CPU.ActiveCfg = Release|Any CPU
		{12CFBBD3-A5A5-4CBE-8342-F094EB59E83F}.Release|Any CPU.Build.0 = Release|Any CPU
	EndGlobalSection
	GlobalSection(SolutionProperties) = preSolution
		HideSolutionNode = FALSE
	EndGlobalSection
	GlobalSection(ExtensibilityGlobals) = postSolution
		SolutionGuid = {EA04EB43-088E-4508-91BD-AE601C7EC8B3}
	EndGlobalSection
EndGlobal
